{
  "nodes": {
    "nixpkgs": {
      "locked": {
        "lastModified": 1777268161,
        "narHash": "sha256-bxrdOn8SCOv8tN4JbTF/TXq7kjo9ag4M+C8yzzIRYbE=",
        "owner": "nixos",
        "repo": "nixpkgs",
        "rev": "1c3fe55ad329cbcb28471bb30f05c9827f724c76",
        "type": "github"
      },
      "original": {
        "owner": "nixos",
        "ref": "nixos-unstable",
        "repo": "nixpkgs",
        "type": "github"
      }
    },
    "nixpkgs_2": {
      "locked": {
        "lastModified": 1777268161,
        "narHash": "sha256-bxrdOn8SCOv8tN4JbTF/TXq7kjo9ag4M+C8yzzIRYbE=",
        "owner": "nixos",
        "repo": "nixpkgs",
        "rev": "1c3fe55ad329cbcb28471bb30f05c9827f724c76",
        "type": "github"
      },
      "original": {
        "owner": "nixos",
        "ref": "nixos-unstable",
        "repo": "nixpkgs",
        "type": "github"
      }
    },
    "root": {
      "inputs": {
        "nixpkgs": "nixpkgs",
        "tadni-platform": "tadni-platform"
      }
    },
    "tadni-platform": {
      "inputs": {
        "nixpkgs": "nixpkgs_2"
      },
      "locked": {
        "lastModified": 1777563783,
        "narHash": "sha256-ffHl5iNsfpV2UcsyB1Bu/LUTQrMObI9DnuIg0XxwSIY=",
        "owner": "tadni",
        "repo": "platform",
        "rev": "54970e683cb98e632d7d20aa23a1c42b0cd81ee7",
        "type": "github"
      },
      "original": {
        "owner": "tadni",
        "repo": "platform",
        "type": "github"
      }
    }
  },
  "root": "root",
  "version": 7
}
